
Microsoft Visual Studio Solution File, Format Version 12.00
# Visual Studio Version 17
VisualStudioVersion = 17.9.34728.123
MinimumVisualStudioVersion = 10.0.40219.1
Project("{FAE04EC0-301F-11D3-BF4B-00C04F79EFBC}") = "Zachary Renyhart Assignment 6.2.2", "Zachary Renyhart Assignment 6.2.2.csproj", "{84CD5B4D-7CBC-49E0-99B5-8954B25AAC4A}"
EndProject
Global
	GlobalSection(SolutionConfigurationPlatforms) = preSolution
		Debug|Any CPU = Debug|Any CPU
		Release|Any CPU = Release|Any CPU
	EndGlobalSection
	GlobalSection(ProjectConfigurationPlatforms) = postSolution
		{84CD5B4D-7CBC-49E0-99B5-8954B25AAC4A}.Debug|Any CPU.ActiveCfg = Debug|Any CPU
		{84CD5B4D-7CBC-49E0-99B5-8954B25AAC4A}.Debug|Any CPU.Build.0 = Debug|Any CPU
		{84CD5B4D-7CBC-49E0-99B5-8954B25AAC4A}.Release|Any CPU.ActiveCfg = Release|Any CPU
		{84CD5B4D-7CBC-49E0-99B5-8954B25AAC4A}.Release|Any CPU.Build.0 = Release|Any CPU
	EndGlobalSection
	GlobalSection(SolutionProperties) = preSolution
		HideSolutionNode = FALSE
	EndGlobalSection
	GlobalSection(ExtensibilityGlobals) = postSolution
		SolutionGuid = {3DB560F4-A4E6-44DA-A655-508D9E1AF5DD}
	EndGlobalSection
EndGlobal
